# This file is automatically @generated by Cargo.
# It is not intended for manual editing.
[[package]]
name = "bitbuf-perf"
version = "0.1.0"
dependencies = [
 "bitreader 0.3.1 (registry+https://github.com/rust-lang/crates.io-index)",
 "bitstream-io 0.8.2 (registry+https://github.com/rust-lang/crates.io-index)",
 "bitstream_reader 0.1.0",
]

[[package]]
name = "bitreader"
version = "0.3.1"
source = "registry+https://github.com/rust-lang/crates.io-index"

[[package]]
name = "bitstream-io"
version = "0.8.2"
source = "registry+https://github.com/rust-lang/crates.io-index"

[[package]]
name = "bitstream_reader"
version = "0.1.0"
dependencies = [
 "num-traits 0.2.6 (registry+https://github.com/rust-lang/crates.io-index)",
]

[[package]]
name = "num-traits"
version = "0.2.6"
source = "registry+https://github.com/rust-lang/crates.io-index"

[metadata]
"checksum bitreader 0.3.1 (registry+https://github.com/rust-lang/crates.io-index)" = "a13e712f6e04f0e507a913abf5e008ba2a342ec26d9fac34ba0766bd77ced5b8"
"checksum bitstream-io 0.8.2 (registry+https://github.com/rust-lang/crates.io-index)" = "323985a3a863d4afdabd6fae576e28cd141abf1f9d47392a27b7cc561baa61a7"
"checksum num-traits 0.2.6 (registry+https://github.com/rust-lang/crates.io-index)" = "0b3a5d7cc97d6d30d8b9bc8fa19bf45349ffe46241e8816f50f62f6d6aaabee1"
